<?xml version="1.0" encoding="UTF-8"?>
<CONFIG>
	<ProjectOptions>
		<Version Value="12"/>
		<General>
			<SessionStorage Value="InProjectDir"/>
			<Title Value="{ProjectName}"/>
			<Scaled Value="True"/>
			<ResourceType Value="res"/>
			<UseXPManifest Value="True"/>
			<XPManifest>
				<DpiAware Value="True"/>
			</XPManifest>
			<Icon Value="0"/>
		</General>
		<BuildModes>
			<Item Name="D2Bridge Web Debug" Default="True"/>
			<Item Name="D2Bridge Web Release">
				<CompilerOptions>
					<Version Value="11"/>
					<Target>
						<Filename Value="Web{PathDelim}{ProjectName}"/>
					</Target>
					<SearchPaths>
						<IncludeFiles Value="$(ProjOutDir)"/>
						<OtherUnitFiles Value="{D2BridgePath};{D2BridgePath}{PathDelim}Prism;{D2BridgePath}{PathDelim}OthersLCL;"/>
						<UnitOutputDirectory Value="lib{PathDelim}$(TargetCPU)-$(TargetOS){PathDelim}Release{PathDelim}Web"/>
					</SearchPaths>
					<CodeGeneration>
						<Optimizations>
							<OptimizationLevel Value="3"/>
						</Optimizations>
					</CodeGeneration>
					<Linking>
						<Debugging>
							<GenerateDebugInfo Value="False"/>
							<RunWithoutDebug Value="True"/>
						</Debugging>
						<LinkSmart Value="True"/>
						<Options>
							<Win32>
								<GraphicApplication Value="True"/>
							</Win32>
						</Options>
					</Linking>
					<Other>
						<CustomOptions Value="-dD2Bridge"/>
						<ExecuteBefore>
							<Command Value="{FixD2BridgeLazCompile}"/>
							<CompileReasons Compile="True" Build="False" Run="True"/>
						</ExecuteBefore>
						<ExecuteBefore>
							<Command Value="{FixD2BridgeLazBuild}"/>
							<CompileReasons Compile="False" Build="True" Run="False"/>
						</ExecuteBefore>				
					</Other>
				</CompilerOptions>
			</Item>
      <Item Name="D2Docker Deploy">
        <CompilerOptions>
          <Version Value="11"/>
          <Target>
            <Filename Value="Web{PathDelim}{ProjectName}.d2d" ApplyConventions="False"/>
          </Target>
          <SearchPaths>
            <IncludeFiles Value="$(ProjOutDir)"/>
            <OtherUnitFiles Value="{D2BridgePath};{D2BridgePath}{PathDelim}Prism;{D2BridgePath}{PathDelim}OthersLCL;"/>
            <UnitOutputDirectory Value="lib{PathDelim}$(TargetCPU)-$(TargetOS){PathDelim}Release{PathDelim}Web"/>
          </SearchPaths>
          <CodeGeneration>
            <RelocatableUnit Value="True"/>
          </CodeGeneration>
          <Linking>
            <Debugging>
              <GenerateDebugInfo Value="False"/>
              <RunWithoutDebug Value="True"/>
            </Debugging>
            <Options>
              <ExecutableType Value="Library"/>
            </Options>
          </Linking>
          <Other>
            <CustomOptions Value="-dD2Bridge -dD2Docker"/>
            <ExecuteBefore>
              <Command Value="FixD2BridgeLazBuild.bat"/>
              <CompileReasons Build="False"/>
            </ExecuteBefore>
          </Other>
        </CompilerOptions>
      </Item>					
			<Item Name="Debug">
				<CompilerOptions>
					<Version Value="11"/>
					<Target>
						<Filename Value="{ProjectName}"/>
					</Target>
					<SearchPaths>
						<IncludeFiles Value="$(ProjOutDir)"/>
						<OtherUnitFiles Value="{D2BridgePath};{D2BridgePath}{PathDelim}Prism;{D2BridgePath}{PathDelim}OthersLCL;"/>
						<UnitOutputDirectory Value="lib{PathDelim}$(TargetCPU)-$(TargetOS)Debug"/>
					</SearchPaths>
					<Parsing>
						<SyntaxOptions>
							<IncludeAssertionCode Value="True"/>
						</SyntaxOptions>
					</Parsing>
					<CodeGeneration>
						<Checks>
							<IOChecks Value="True"/>
							<RangeChecks Value="True"/>
							<OverflowChecks Value="True"/>
							<StackChecks Value="True"/>
						</Checks>
						<VerifyObjMethodCallValidity Value="True"/>
					</CodeGeneration>
					<Linking>
						<Debugging>
							<DebugInfoType Value="dsDwarf3"/>
							<UseHeaptrc Value="True"/>
							<TrashVariables Value="True"/>
							<UseExternalDbgSyms Value="True"/>
						</Debugging>
						<Options>
							<Win32>
								<GraphicApplication Value="True"/>
							</Win32>
						</Options>
					</Linking>
				</CompilerOptions>			
			</Item>			
			<Item Name="Release">
				<CompilerOptions>
					<Version Value="11"/>
					<Target>
						<Filename Value="{ProjectName}"/>
					</Target>
					<SearchPaths>
						<IncludeFiles Value="$(ProjOutDir)"/>
						<OtherUnitFiles Value="{D2BridgePath};{D2BridgePath}{PathDelim}Prism;{D2BridgePath}{PathDelim}OthersLCL;"/>
						<UnitOutputDirectory Value="lib{PathDelim}$(TargetCPU)-$(TargetOS){PathDelim}Release"/>
					</SearchPaths>
					<CodeGeneration>
						<SmartLinkUnit Value="True"/>
						<Optimizations>
							<OptimizationLevel Value="3"/>
						</Optimizations>
					</CodeGeneration>
					<Linking>
						<Debugging>
							<GenerateDebugInfo Value="False"/>
							<RunWithoutDebug Value="True"/>
						</Debugging>
						<LinkSmart Value="True"/>
						<Options>
							<Win32>
								<GraphicApplication Value="True"/>
							</Win32>
						</Options>
					</Linking>
				</CompilerOptions>
			</Item>
		</BuildModes>
		<PublishOptions>
			<Version Value="2"/>
			<UseFileFilters Value="True"/>
		</PublishOptions>
		<RunParams>
			<FormatVersion Value="2"/>
		</RunParams>
		<RequiredPackages>
			<Item>
				<PackageName Value="FCL"/>
			</Item>
			<Item>
				<PackageName Value="indylaz"/>
			</Item>
			<Item>
				<PackageName Value="DateTimeCtrls"/>
			</Item>
			<Item>
				<PackageName Value="MemDSLaz"/>
			</Item>
			<Item>
				<PackageName Value="LCL"/>
			</Item>
		</RequiredPackages>
		<Units>
			<Unit>
				<Filename Value="{ProjectName}.lpr"/>
				<IsPartOfProject Value="True"/>
				<UnitName Value="{ProjectName}"/>
			</Unit>
			<Unit>
				<Filename Value="unit1.pas"/>
				<IsPartOfProject Value="True"/>
				<ComponentName Value="Form1"/>
				<ResourceBaseClass Value="Form"/>
				<UnitName Value="Unit1"/>
			</Unit>
			<Unit>
				<Filename Value="{ProjectName}_Session.pas"/>
				<IsPartOfProject Value="True"/>
				<ComponentName Value="{ProjectName}Session"/>
				<HasResources Value="True"/>
				<ResourceBaseClass Value="DataModule"/>
			</Unit>
			<Unit>
				<Filename Value="{ProjectName}WebApp.pas"/>
				<IsPartOfProject Value="True"/>
				<ComponentName Value="{ProjectName}WebAppGlobal"/>
				<HasResources Value="True"/>
				<ResourceBaseClass Value="DataModule"/>
			</Unit>
			<Unit>
				<Filename Value="{D2BridgeServerUnit}"/>
				<IsPartOfProject Value="True"/>
			</Unit>
			<Unit>
				<Filename Value="D2BridgeFormTemplate.pas"/>
				<IsPartOfProject Value="True"/>
			</Unit>				
		</Units>
	</ProjectOptions>
	<CompilerOptions>
		<Version Value="11"/>
		<Target>
			<Filename Value="Web{PathDelim}{ProjectName}"/>
		</Target>
		<SearchPaths>
			<IncludeFiles Value="$(ProjOutDir)"/>
			<OtherUnitFiles Value="{D2BridgePath};{D2BridgePath}{PathDelim}Prism;{D2BridgePath}{PathDelim}OthersLCL;"/>
			<UnitOutputDirectory Value="lib{PathDelim}$(TargetCPU)-$(TargetOS){PathDelim}Debug{PathDelim}Web"/>
		</SearchPaths>
		<Parsing>
			<SyntaxOptions>
				<IncludeAssertionCode Value="True"/>
			</SyntaxOptions>
		</Parsing>
		<CodeGeneration>
      <LinkSmart Value="True"/>		
			<Checks>
				<IOChecks Value="True"/>
				<RangeChecks Value="True"/>
				<OverflowChecks Value="True"/>
				<StackChecks Value="True"/>
			</Checks>
		</CodeGeneration>
		<Linking>
			<Debugging>
				<DebugInfoType Value="dsDwarf3"/>
				<UseHeaptrc Value="True"/>
				<TrashVariables Value="True"/>
				<UseExternalDbgSyms Value="True"/>
			</Debugging>
      <LinkSmart Value="True"/>			
			<Options>
				<Win32>
					<GraphicApplication Value="True"/>
				</Win32>
			</Options>
		</Linking>
		<Other>
			<CustomOptions Value="-dD2Bridge"/>
      <ExecuteBefore>
        <Command Value="{FixD2BridgeLazCompile}"/>
        <CompileReasons Compile="True" Build="False" Run="True"/>
      </ExecuteBefore>
      <ExecuteBefore>
        <Command Value="{FixD2BridgeLazBuild}"/>
        <CompileReasons Compile="False" Build="True" Run="False"/>
      </ExecuteBefore>	
		</Other>
	</CompilerOptions>
	<Debugging>
		<Exceptions>
      <Item>
        <Name Value="EAbort"/>
      </Item>
      <Item>
        <Name Value="ECodetoolError"/>
      </Item>
      <Item>
        <Name Value="EFOpenError"/>
      </Item>
      <Item>
        <Name Value="RunError(219)"/>
      </Item>
      <Item>
        <Name Value="EIdConnClosedGracefully"/>
      </Item>
		</Exceptions>
	</Debugging>
</CONFIG>
